
Microsoft Visual Studio Solution File, Format Version 12.00
# Visual Studio Version 17
VisualStudioVersion = 17.5.002.0
MinimumVisualStudioVersion = 10.0.40219.1
Project("{9A19103F-16F7-4668-BE54-9A1E7A4F7556}") = "AI C#", "AI C#.csproj", "{ADEF6CAF-8FFA-49CC-B9BF-78D9DDB1EDDF}"
EndProject
Project("{2150E333-8FDC-42A3-9474-1A3956D46DE8}") = "emgucv", "emgucv", "{8B593248-5AA4-4D66-9B1D-D81BA3A39AAE}"
EndProject
Project("{9A19103F-16F7-4668-BE54-9A1E7A4F7556}") = "Emgu.CV.DebuggerVisualizers", "emgucv\Emgu.CV.DebuggerVisualizers\Emgu.CV.DebuggerVisualizers.csproj", "{5EF59A75-472B-46FC-B65E-F44345906FA0}"
EndProject
Project("{9A19103F-16F7-4668-BE54-9A1E7A4F7556}") = "Emgu.CV.Test.NetFramework", "emgucv\Emgu.CV.Test\Emgu.CV.Test.NetFramework.csproj", "{521EBB04-1159-49B4-9F14-8EA3626C2FFF}"
EndProject
Project("{2150E333-8FDC-42A3-9474-1A3956D46DE8}") = "Emgu.CV.DebuggerVisualizers (1)", "Emgu.CV.DebuggerVisualizers", "{265A2174-65BF-4767-A76D-8E79F8502333}"
EndProject
Project("{9A19103F-16F7-4668-BE54-9A1E7A4F7556}") = "Emgu.CV.DebuggerVisualizers.Console.Test", "emgucv\Emgu.CV.DebuggerVisualizers\Emgu.CV.DebuggerVisualizers.Console.Test\Emgu.CV.DebuggerVisualizers.Console.Test.csproj", "{AA36247A-683A-47C0-ADA6-6EC704C641C5}"
EndProject
Project("{2150E333-8FDC-42A3-9474-1A3956D46DE8}") = "Emgu.CV.Example", "Emgu.CV.Example", "{43876BD9-01AB-41D6-AA8D-CCBFBD4959CC}"
EndProject
Project("{9A19103F-16F7-4668-BE54-9A1E7A4F7556}") = "Aruco", "emgucv\Emgu.CV.Example\Aruco\Aruco.csproj", "{27849185-974C-4C16-AE32-543016D20F6D}"
EndProject
Project("{9A19103F-16F7-4668-BE54-9A1E7A4F7556}") = "BuildInfo.NetCore.Console", "emgucv\Emgu.CV.Example\BuildInfo.NetCore.Console\BuildInfo.NetCore.Console.csproj", "{C548BB0F-0362-4CE3-9FE8-CBCF1473F21A}"
EndProject
Project("{9A19103F-16F7-4668-BE54-9A1E7A4F7556}") = "CameraCapture", "emgucv\Emgu.CV.Example\CameraCapture\CameraCapture.csproj", "{AC8AD81B-BC0A-4BBC-BF94-BA38BF4BC2A4}"
EndProject
Project("{9A19103F-16F7-4668-BE54-9A1E7A4F7556}") = "DepthAI", "emgucv\Emgu.CV.Example\DepthAI\DepthAI.csproj", "{650EE923-159F-492F-8E77-9D5C179E2F42}"
EndProject
Project("{9A19103F-16F7-4668-BE54-9A1E7A4F7556}") = "DynamicImage.Asp.NetCore", "emgucv\Emgu.CV.Example\DynamicImage.Asp.NetCore\DynamicImage.Asp.NetCore.csproj", "{B317D473-AA9E-4EA2-AA1C-649BC6FC9A32}"
EndProject
Project("{9A19103F-16F7-4668-BE54-9A1E7A4F7556}") = "FacialMouseControl", "emgucv\Emgu.CV.Example\FacialMouseControl\FacialMouseControl.csproj", "{2820D1FE-1293-413D-A7C9-914949682E52}"
EndProject
Project("{9A19103F-16F7-4668-BE54-9A1E7A4F7556}") = "HelloWorld.NetCore", "emgucv\Emgu.CV.Example\HelloWorld\HelloWorld.NetCore.csproj", "{5F9A184B-0D19-4023-B8B2-EC5283235C81}"
EndProject
Project("{9A19103F-16F7-4668-BE54-9A1E7A4F7556}") = "HelloWorld.UWP", "emgucv\Emgu.CV.Example\HelloWorld.UWP\HelloWorld.UWP.csproj", "{6043A7A2-AC61-4892-967C-05A35838D526}"
EndProject
Project("{9A19103F-16F7-4668-BE54-9A1E7A4F7556}") = "Emgu.CV.Example.iOS", "emgucv\Emgu.CV.Example\iOS\Emgu.CV.Example.iOS.csproj", "{DDBD73F5-01AF-4BED-B248-A7A558457777}"
EndProject
Project("{9A19103F-16F7-4668-BE54-9A1E7A4F7556}") = "Emgu.CV.Example.Mac", "emgucv\Emgu.CV.Example\Mac\Emgu.CV.Example.Mac.csproj", "{A9C01219-F928-4A1A-A883-5209286FFAE0}"
EndProject
Project("{9A19103F-16F7-4668-BE54-9A1E7A4F7556}") = "OCR", "emgucv\Emgu.CV.Example\OCR\OCR.csproj", "{6273FFF0-D133-4FAC-9073-36F39C91D42C}"
EndProject
Project("{9A19103F-16F7-4668-BE54-9A1E7A4F7556}") = "RealtimeCamera", "emgucv\Emgu.CV.Example\RealtimeCamera.UWP\RealtimeCamera.csproj", "{9694007F-70DF-45CE-A1A8-625BC233083D}"
EndProject
Project("{9A19103F-16F7-4668-BE54-9A1E7A4F7556}") = "Stitching", "emgucv\Emgu.CV.Example\Stitching\Stitching.csproj", "{55053989-D0D2-468E-A6EB-664A7B4AA8AD}"
EndProject
Project("{9A19103F-16F7-4668-BE54-9A1E7A4F7556}") = "TF.Interop.NetCore", "emgucv\Emgu.CV.Example\TF.Interop\TF.Interop.NetCore.csproj", "{D3F58378-31D6-433F-B762-6E13E23C5A85}"
EndProject
Project("{9A19103F-16F7-4668-BE54-9A1E7A4F7556}") = "TF.Lite.Interop.Net", "emgucv\Emgu.CV.Example\TF.Lite.Interop\TF.Lite.Interop.Net.csproj", "{0284C30D-7F05-4166-80C4-F8538665D424}"
EndProject
Project("{9A19103F-16F7-4668-BE54-9A1E7A4F7556}") = "Webservice_Client", "emgucv\Emgu.CV.Example\Webservice_Client\Webservice_Client.csproj", "{C399F668-0653-46B6-86B0-596230AA899F}"
EndProject
Project("{9A19103F-16F7-4668-BE54-9A1E7A4F7556}") = "Webservice_Host", "emgucv\Emgu.CV.Example\Webservice_Host\Webservice_Host.csproj", "{EABBE2FC-A310-4F43-B1D8-C26101434BC1}"
EndProject
Project("{9A19103F-16F7-4668-BE54-9A1E7A4F7556}") = "WPF.NetCore", "emgucv\Emgu.CV.Example\WPF.NetCore\WPF.NetCore.csproj", "{D4933027-87A4-437C-B893-7823A7CE07DD}"
EndProject
Project("{2150E333-8FDC-42A3-9474-1A3956D46DE8}") = "Emgu.CV.Models", "Emgu.CV.Models", "{6BA47FAE-0C14-4586-8BE9-9756C1782E8E}"
EndProject
Project("{9A19103F-16F7-4668-BE54-9A1E7A4F7556}") = "Emgu.CV.Models.IOS", "emgucv\Emgu.CV.Models\Emgu.CV.Models.IOS\Emgu.CV.Models.IOS.csproj", "{21DC7481-A392-4FEC-B7F2-9A2B44D3471A}"
EndProject
Project("{9A19103F-16F7-4668-BE54-9A1E7A4F7556}") = "Emgu.CV.Models.NetStandard", "emgucv\Emgu.CV.Models\Emgu.CV.Models.NetStandard\Emgu.CV.Models.NetStandard.csproj", "{6ADFBCAD-6FB0-409D-AB4B-E6012591B994}"
EndProject
Project("{2150E333-8FDC-42A3-9474-1A3956D46DE8}") = "Emgu.CV.Platform", "Emgu.CV.Platform", "{984BB675-9A76-4594-B3DB-5EE1F9D577CE}"
EndProject
Project("{9A19103F-16F7-4668-BE54-9A1E7A4F7556}") = "Emgu.CV.Bitmap", "emgucv\Emgu.CV.Platform\Emgu.CV.Bitmap\Emgu.CV.Bitmap.csproj", "{3CAFC08B-7CFF-4436-925C-DD4B666B5782}"
EndProject
Project("{9A19103F-16F7-4668-BE54-9A1E7A4F7556}") = "Emgu.CV.Wpf", "emgucv\Emgu.CV.Platform\Emgu.CV.Wpf\Emgu.CV.Wpf.csproj", "{30C0B29A-301D-49D6-B985-A89FD4CCBA1F}"
EndProject
Project("{9A19103F-16F7-4668-BE54-9A1E7A4F7556}") = "Emgu.CV.Platform.NetStandard", "emgucv\Emgu.CV.Platform\NetStandard\Emgu.CV.Platform.NetStandard.csproj", "{3DA74398-BCD6-4522-A5F6-7053BF7694BE}"
EndProject
Project("{9A19103F-16F7-4668-BE54-9A1E7A4F7556}") = "Emgu.CV.Platform.NetStandard.IOS", "emgucv\Emgu.CV.Platform\NetStandard_iOS\Emgu.CV.Platform.NetStandard.IOS.csproj", "{AE682235-5AFA-4BE8-ACC9-88EE4EF53CF8}"
EndProject
Project("{2150E333-8FDC-42A3-9474-1A3956D46DE8}") = "Emgu.CV.Test", "Emgu.CV.Test", "{D0D62028-228C-4C5D-BB65-00B675AD3D06}"
EndProject
Project("{9A19103F-16F7-4668-BE54-9A1E7A4F7556}") = "Emgu.CV.Test.Android", "emgucv\Emgu.CV.Test\Emgu.CV.Test.Android\Emgu.CV.Test.Android.csproj", "{999AEF56-59DD-4DFD-BAEF-23AF8FE28115}"
EndProject
Project("{9A19103F-16F7-4668-BE54-9A1E7A4F7556}") = "Emgu.CV.Test.iOS", "emgucv\Emgu.CV.Test\Emgu.CV.Test.iOS\Emgu.CV.Test.iOS.csproj", "{381D4BC3-4E85-453E-8140-7E3E2A49EEF9}"
EndProject
Project("{9A19103F-16F7-4668-BE54-9A1E7A4F7556}") = "Emgu.CV.Test.Netcore", "emgucv\Emgu.CV.Test\Emgu.CV.Test.Netcore\Emgu.CV.Test.Netcore.csproj", "{C4C706C6-B34F-4CFD-9962-9920E36A30BE}"
EndProject
Project("{9A19103F-16F7-4668-BE54-9A1E7A4F7556}") = "Emgu.CV.Test.UWP", "emgucv\Emgu.CV.Test\Emgu.CV.Test.UWP\Emgu.CV.Test.UWP.csproj", "{45ADE35F-EBC8-4A2D-BAD6-D8A26E2CDC5C}"
EndProject
Project("{2150E333-8FDC-42A3-9474-1A3956D46DE8}") = "MAUI", "MAUI", "{C4EBD6A3-8C4B-467C-ADB1-47B482D501BF}"
EndProject
Project("{9A19103F-16F7-4668-BE54-9A1E7A4F7556}") = "BuildInfo", "emgucv\Emgu.CV.Example\MAUI\BuildInfo\BuildInfo.csproj", "{CCF4B773-53F0-46DE-9D82-6362ACF73B1D}"
EndProject
Project("{9A19103F-16F7-4668-BE54-9A1E7A4F7556}") = "MauiDemoApp", "emgucv\Emgu.CV.Example\MAUI\MauiDemoApp\MauiDemoApp.csproj", "{F7E5894F-D9AA-4F23-A7E3-414E4C6738A3}"
EndProject
Project("{2150E333-8FDC-42A3-9474-1A3956D46DE8}") = "XamarinForms", "XamarinForms", "{31F75187-7837-42CC-8DCD-8E4CB37DA7F0}"
EndProject
Project("{9A19103F-16F7-4668-BE54-9A1E7A4F7556}") = "Emgu.CV.XamarinForms.Droid", "emgucv\Emgu.CV.Example\XamarinForms\Android\Emgu.CV.XamarinForms.Droid.csproj", "{B8472813-5C98-45BE-88C7-A317A6E4D038}"
EndProject
Project("{9A19103F-16F7-4668-BE54-9A1E7A4F7556}") = "Emgu.CV.XamarinForms.iOS", "emgucv\Emgu.CV.Example\XamarinForms\iOS\Emgu.CV.XamarinForms.iOS.csproj", "{84BE88D3-2A1D-4DFB-9033-44D602C61725}"
EndProject
Project("{9A19103F-16F7-4668-BE54-9A1E7A4F7556}") = "Emgu.CV.XamarinForms.Mac", "emgucv\Emgu.CV.Example\XamarinForms\Mac\Emgu.CV.XamarinForms.Mac.csproj", "{F3E55B3F-FB11-4C00-9242-F8B020C91567}"
EndProject
Project("{9A19103F-16F7-4668-BE54-9A1E7A4F7556}") = "XamarinForms.UWP", "emgucv\Emgu.CV.Example\XamarinForms\UWP\XamarinForms.UWP.csproj", "{C04337C0-AC8D-4B15-BA8F-68A90A4612E0}"
EndProject
Project("{9A19103F-16F7-4668-BE54-9A1E7A4F7556}") = "XamarinForms.WPF", "emgucv\Emgu.CV.Example\XamarinForms\WPF\XamarinForms.WPF.csproj", "{9DA56D3C-FA24-418F-ADFC-93FE4F194EDF}"
EndProject
Project("{2150E333-8FDC-42A3-9474-1A3956D46DE8}") = "DotNet", "DotNet", "{21B6912F-3CCB-4C2C-899F-2EFA24DEBB74}"
EndProject
Project("{9A19103F-16F7-4668-BE54-9A1E7A4F7556}") = "Emgu.CV.Platform.Net5", "emgucv\Emgu.CV.Platform\DotNet\5\Emgu.CV.Platform.Net5.csproj", "{3DD31FD1-15F1-4432-8884-07E0EEFBF685}"
EndProject
Project("{9A19103F-16F7-4668-BE54-9A1E7A4F7556}") = "Emgu.CV.Platform.NetCore", "emgucv\Emgu.CV.Platform\DotNet\Core\Emgu.CV.Platform.NetCore.csproj", "{FF9D3295-07E2-4227-B499-A49E4B466B1C}"
EndProject
Project("{9A19103F-16F7-4668-BE54-9A1E7A4F7556}") = "Emgu.CV.Platform.NetFramework", "emgucv\Emgu.CV.Platform\DotNet\Framework\Emgu.CV.Platform.NetFramework.csproj", "{00F01E3A-CEAA-45AD-9FD7-B436346EE0C1}"
EndProject
Project("{2150E333-8FDC-42A3-9474-1A3956D46DE8}") = "Maui", "Maui", "{CBBE9620-E473-482C-89AC-63365F824259}"
EndProject
Project("{9A19103F-16F7-4668-BE54-9A1E7A4F7556}") = "Emgu.CV.Platform.Maui.Android", "emgucv\Emgu.CV.Platform\Maui\Android\Emgu.CV.Platform.Maui.Android.csproj", "{0BCE1BED-C809-4723-ACCC-6FF7F05A400F}"
EndProject
Project("{9A19103F-16F7-4668-BE54-9A1E7A4F7556}") = "Emgu.CV.Platform.Maui.iOS", "emgucv\Emgu.CV.Platform\Maui\iOS\Emgu.CV.Platform.Maui.iOS.csproj", "{8998574A-E785-415E-AC98-AB9C0D03075A}"
EndProject
Project("{9A19103F-16F7-4668-BE54-9A1E7A4F7556}") = "Emgu.CV.Platform.Maui.Mac", "emgucv\Emgu.CV.Platform\Maui\Mac\Emgu.CV.Platform.Maui.Mac.csproj", "{C0AAD35F-4A10-4280-9CC8-D848CCD511AD}"
EndProject
Project("{9A19103F-16F7-4668-BE54-9A1E7A4F7556}") = "Emgu.CV.Platform.Maui.UI", "emgucv\Emgu.CV.Platform\Maui\UI\Emgu.CV.Platform.Maui.UI.csproj", "{6C76CADE-96D1-4F24-BB5D-4FE3D806337E}"
EndProject
Project("{2150E333-8FDC-42A3-9474-1A3956D46DE8}") = "Xamarin", "Xamarin", "{0A3F4A22-16EC-4FE6-9B39-870324D2D38C}"
EndProject
Project("{9A19103F-16F7-4668-BE54-9A1E7A4F7556}") = "Emgu.CV.Platform.Xamarin.Android", "emgucv\Emgu.CV.Platform\Xamarin\Android\Emgu.CV.Platform.Xamarin.Android.csproj", "{AFC063B9-5DBB-4A77-80F3-6C003265E1F0}"
EndProject
Project("{9A19103F-16F7-4668-BE54-9A1E7A4F7556}") = "Emgu.CV.Platform.Xamarin.IOS", "emgucv\Emgu.CV.Platform\Xamarin\iOS\Emgu.CV.Platform.Xamarin.IOS.csproj", "{6E1BFEF7-C5AF-462F-A70C-CDE9254724D9}"
EndProject
Project("{9A19103F-16F7-4668-BE54-9A1E7A4F7556}") = "Emgu.CV.Platform.Xamarin.Mac", "emgucv\Emgu.CV.Platform\Xamarin\Mac\Emgu.CV.Platform.Xamarin.Mac.csproj", "{AF59476D-F8BB-4133-9C8F-D16E984E01B7}"
EndProject
Global
	GlobalSection(SolutionConfigurationPlatforms) = preSolution
		Debug|Any CPU = Debug|Any CPU
		Release|Any CPU = Release|Any CPU
	EndGlobalSection
	GlobalSection(ProjectConfigurationPlatforms) = postSolution
		{ADEF6CAF-8FFA-49CC-B9BF-78D9DDB1EDDF}.Debug|Any CPU.ActiveCfg = Debug|Any CPU
		{ADEF6CAF-8FFA-49CC-B9BF-78D9DDB1EDDF}.Debug|Any CPU.Build.0 = Debug|Any CPU
		{ADEF6CAF-8FFA-49CC-B9BF-78D9DDB1EDDF}.Release|Any CPU.ActiveCfg = Release|Any CPU
		{ADEF6CAF-8FFA-49CC-B9BF-78D9DDB1EDDF}.Release|Any CPU.Build.0 = Release|Any CPU
		{5EF59A75-472B-46FC-B65E-F44345906FA0}.Debug|Any CPU.ActiveCfg = Debug|Any CPU
		{5EF59A75-472B-46FC-B65E-F44345906FA0}.Debug|Any CPU.Build.0 = Debug|Any CPU
		{5EF59A75-472B-46FC-B65E-F44345906FA0}.Release|Any CPU.ActiveCfg = Release|Any CPU
		{5EF59A75-472B-46FC-B65E-F44345906FA0}.Release|Any CPU.Build.0 = Release|Any CPU
		{521EBB04-1159-49B4-9F14-8EA3626C2FFF}.Debug|Any CPU.ActiveCfg = Debug|Any CPU
		{521EBB04-1159-49B4-9F14-8EA3626C2FFF}.Debug|Any CPU.Build.0 = Debug|Any CPU
		{521EBB04-1159-49B4-9F14-8EA3626C2FFF}.Release|Any CPU.ActiveCfg = Release|Any CPU
		{521EBB04-1159-49B4-9F14-8EA3626C2FFF}.Release|Any CPU.Build.0 = Release|Any CPU
		{AA36247A-683A-47C0-ADA6-6EC704C641C5}.Debug|Any CPU.ActiveCfg = Debug|Any CPU
		{AA36247A-683A-47C0-ADA6-6EC704C641C5}.Debug|Any CPU.Build.0 = Debug|Any CPU
		{AA36247A-683A-47C0-ADA6-6EC704C641C5}.Release|Any CPU.ActiveCfg = Release|Any CPU
		{AA36247A-683A-47C0-ADA6-6EC704C641C5}.Release|Any CPU.Build.0 = Release|Any CPU
		{27849185-974C-4C16-AE32-543016D20F6D}.Debug|Any CPU.ActiveCfg = Debug|Any CPU
		{27849185-974C-4C16-AE32-543016D20F6D}.Debug|Any CPU.Build.0 = Debug|Any CPU
		{27849185-974C-4C16-AE32-543016D20F6D}.Release|Any CPU.ActiveCfg = Release|Any CPU
		{27849185-974C-4C16-AE32-543016D20F6D}.Release|Any CPU.Build.0 = Release|Any CPU
		{C548BB0F-0362-4CE3-9FE8-CBCF1473F21A}.Debug|Any CPU.ActiveCfg = Debug|Any CPU
		{C548BB0F-0362-4CE3-9FE8-CBCF1473F21A}.Debug|Any CPU.Build.0 = Debug|Any CPU
		{C548BB0F-0362-4CE3-9FE8-CBCF1473F21A}.Release|Any CPU.ActiveCfg = Release|Any CPU
		{C548BB0F-0362-4CE3-9FE8-CBCF1473F21A}.Release|Any CPU.Build.0 = Release|Any CPU
		{AC8AD81B-BC0A-4BBC-BF94-BA38BF4BC2A4}.Debug|Any CPU.ActiveCfg = Debug|Any CPU
		{AC8AD81B-BC0A-4BBC-BF94-BA38BF4BC2A4}.Debug|Any CPU.Build.0 = Debug|Any CPU
		{AC8AD81B-BC0A-4BBC-BF94-BA38BF4BC2A4}.Release|Any CPU.ActiveCfg = Release|Any CPU
		{AC8AD81B-BC0A-4BBC-BF94-BA38BF4BC2A4}.Release|Any CPU.Build.0 = Release|Any CPU
		{650EE923-159F-492F-8E77-9D5C179E2F42}.Debug|Any CPU.ActiveCfg = Debug|Any CPU
		{650EE923-159F-492F-8E77-9D5C179E2F42}.Debug|Any CPU.Build.0 = Debug|Any CPU
		{650EE923-159F-492F-8E77-9D5C179E2F42}.Release|Any CPU.ActiveCfg = Release|Any CPU
		{650EE923-159F-492F-8E77-9D5C179E2F42}.Release|Any CPU.Build.0 = Release|Any CPU
		{B317D473-AA9E-4EA2-AA1C-649BC6FC9A32}.Debug|Any CPU.ActiveCfg = Debug|Any CPU
		{B317D473-AA9E-4EA2-AA1C-649BC6FC9A32}.Debug|Any CPU.Build.0 = Debug|Any CPU
		{B317D473-AA9E-4EA2-AA1C-649BC6FC9A32}.Release|Any CPU.ActiveCfg = Release|Any CPU
		{B317D473-AA9E-4EA2-AA1C-649BC6FC9A32}.Release|Any CPU.Build.0 = Release|Any CPU
		{2820D1FE-1293-413D-A7C9-914949682E52}.Debug|Any CPU.ActiveCfg = Debug|Any CPU
		{2820D1FE-1293-413D-A7C9-914949682E52}.Debug|Any CPU.Build.0 = Debug|Any CPU
		{2820D1FE-1293-413D-A7C9-914949682E52}.Release|Any CPU.ActiveCfg = Release|Any CPU
		{2820D1FE-1293-413D-A7C9-914949682E52}.Release|Any CPU.Build.0 = Release|Any CPU
		{5F9A184B-0D19-4023-B8B2-EC5283235C81}.Debug|Any CPU.ActiveCfg = Debug|Any CPU
		{5F9A184B-0D19-4023-B8B2-EC5283235C81}.Debug|Any CPU.Build.0 = Debug|Any CPU
		{5F9A184B-0D19-4023-B8B2-EC5283235C81}.Release|Any CPU.ActiveCfg = Release|Any CPU
		{5F9A184B-0D19-4023-B8B2-EC5283235C81}.Release|Any CPU.Build.0 = Release|Any CPU
		{6043A7A2-AC61-4892-967C-05A35838D526}.Debug|Any CPU.ActiveCfg = Debug|Any CPU
		{6043A7A2-AC61-4892-967C-05A35838D526}.Debug|Any CPU.Build.0 = Debug|Any CPU
		{6043A7A2-AC61-4892-967C-05A35838D526}.Release|Any CPU.ActiveCfg = Release|Any CPU
		{6043A7A2-AC61-4892-967C-05A35838D526}.Release|Any CPU.Build.0 = Release|Any CPU
		{DDBD73F5-01AF-4BED-B248-A7A558457777}.Debug|Any CPU.ActiveCfg = Debug|Any CPU
		{DDBD73F5-01AF-4BED-B248-A7A558457777}.Debug|Any CPU.Build.0 = Debug|Any CPU
		{DDBD73F5-01AF-4BED-B248-A7A558457777}.Release|Any CPU.ActiveCfg = Release|Any CPU
		{DDBD73F5-01AF-4BED-B248-A7A558457777}.Release|Any CPU.Build.0 = Release|Any CPU
		{A9C01219-F928-4A1A-A883-5209286FFAE0}.Debug|Any CPU.ActiveCfg = Debug|Any CPU
		{A9C01219-F928-4A1A-A883-5209286FFAE0}.Debug|Any CPU.Build.0 = Debug|Any CPU
		{A9C01219-F928-4A1A-A883-5209286FFAE0}.Release|Any CPU.ActiveCfg = Release|Any CPU
		{A9C01219-F928-4A1A-A883-5209286FFAE0}.Release|Any CPU.Build.0 = Release|Any CPU
		{6273FFF0-D133-4FAC-9073-36F39C91D42C}.Debug|Any CPU.ActiveCfg = Debug|Any CPU
		{6273FFF0-D133-4FAC-9073-36F39C91D42C}.Debug|Any CPU.Build.0 = Debug|Any CPU
		{6273FFF0-D133-4FAC-9073-36F39C91D42C}.Release|Any CPU.ActiveCfg = Release|Any CPU
		{6273FFF0-D133-4FAC-9073-36F39C91D42C}.Release|Any CPU.Build.0 = Release|Any CPU
		{9694007F-70DF-45CE-A1A8-625BC233083D}.Debug|Any CPU.ActiveCfg = Debug|Any CPU
		{9694007F-70DF-45CE-A1A8-625BC233083D}.Debug|Any CPU.Build.0 = Debug|Any CPU
		{9694007F-70DF-45CE-A1A8-625BC233083D}.Release|Any CPU.ActiveCfg = Release|Any CPU
		{9694007F-70DF-45CE-A1A8-625BC233083D}.Release|Any CPU.Build.0 = Release|Any CPU
		{55053989-D0D2-468E-A6EB-664A7B4AA8AD}.Debug|Any CPU.ActiveCfg = Debug|Any CPU
		{55053989-D0D2-468E-A6EB-664A7B4AA8AD}.Debug|Any CPU.Build.0 = Debug|Any CPU
		{55053989-D0D2-468E-A6EB-664A7B4AA8AD}.Release|Any CPU.ActiveCfg = Release|Any CPU
		{55053989-D0D2-468E-A6EB-664A7B4AA8AD}.Release|Any CPU.Build.0 = Release|Any CPU
		{D3F58378-31D6-433F-B762-6E13E23C5A85}.Debug|Any CPU.ActiveCfg = Debug|Any CPU
		{D3F58378-31D6-433F-B762-6E13E23C5A85}.Debug|Any CPU.Build.0 = Debug|Any CPU
		{D3F58378-31D6-433F-B762-6E13E23C5A85}.Release|Any CPU.ActiveCfg = Release|Any CPU
		{D3F58378-31D6-433F-B762-6E13E23C5A85}.Release|Any CPU.Build.0 = Release|Any CPU
		{0284C30D-7F05-4166-80C4-F8538665D424}.Debug|Any CPU.ActiveCfg = Debug|Any CPU
		{0284C30D-7F05-4166-80C4-F8538665D424}.Debug|Any CPU.Build.0 = Debug|Any CPU
		{0284C30D-7F05-4166-80C4-F8538665D424}.Release|Any CPU.ActiveCfg = Release|Any CPU
		{0284C30D-7F05-4166-80C4-F8538665D424}.Release|Any CPU.Build.0 = Release|Any CPU
		{C399F668-0653-46B6-86B0-596230AA899F}.Debug|Any CPU.ActiveCfg = Debug|Any CPU
		{C399F668-0653-46B6-86B0-596230AA899F}.Debug|Any CPU.Build.0 = Debug|Any CPU
		{C399F668-0653-46B6-86B0-596230AA899F}.Release|Any CPU.ActiveCfg = Release|Any CPU
		{C399F668-0653-46B6-86B0-596230AA899F}.Release|Any CPU.Build.0 = Release|Any CPU
		{EABBE2FC-A310-4F43-B1D8-C26101434BC1}.Debug|Any CPU.ActiveCfg = Debug|Any CPU
		{EABBE2FC-A310-4F43-B1D8-C26101434BC1}.Debug|Any CPU.Build.0 = Debug|Any CPU
		{EABBE2FC-A310-4F43-B1D8-C26101434BC1}.Release|Any CPU.ActiveCfg = Release|Any CPU
		{EABBE2FC-A310-4F43-B1D8-C26101434BC1}.Release|Any CPU.Build.0 = Release|Any CPU
		{D4933027-87A4-437C-B893-7823A7CE07DD}.Debug|Any CPU.ActiveCfg = Debug|Any CPU
		{D4933027-87A4-437C-B893-7823A7CE07DD}.Debug|Any CPU.Build.0 = Debug|Any CPU
		{D4933027-87A4-437C-B893-7823A7CE07DD}.Release|Any CPU.ActiveCfg = Release|Any CPU
		{D4933027-87A4-437C-B893-7823A7CE07DD}.Release|Any CPU.Build.0 = Release|Any CPU
		{21DC7481-A392-4FEC-B7F2-9A2B44D3471A}.Debug|Any CPU.ActiveCfg = Debug|Any CPU
		{21DC7481-A392-4FEC-B7F2-9A2B44D3471A}.Debug|Any CPU.Build.0 = Debug|Any CPU
		{21DC7481-A392-4FEC-B7F2-9A2B44D3471A}.Release|Any CPU.ActiveCfg = Release|Any CPU
		{21DC7481-A392-4FEC-B7F2-9A2B44D3471A}.Release|Any CPU.Build.0 = Release|Any CPU
		{6ADFBCAD-6FB0-409D-AB4B-E6012591B994}.Debug|Any CPU.ActiveCfg = Debug|Any CPU
		{6ADFBCAD-6FB0-409D-AB4B-E6012591B994}.Debug|Any CPU.Build.0 = Debug|Any CPU
		{6ADFBCAD-6FB0-409D-AB4B-E6012591B994}.Release|Any CPU.ActiveCfg = Release|Any CPU
		{6ADFBCAD-6FB0-409D-AB4B-E6012591B994}.Release|Any CPU.Build.0 = Release|Any CPU
		{3CAFC08B-7CFF-4436-925C-DD4B666B5782}.Debug|Any CPU.ActiveCfg = Debug|Any CPU
		{3CAFC08B-7CFF-4436-925C-DD4B666B5782}.Debug|Any CPU.Build.0 = Debug|Any CPU
		{3CAFC08B-7CFF-4436-925C-DD4B666B5782}.Release|Any CPU.ActiveCfg = Release|Any CPU
		{3CAFC08B-7CFF-4436-925C-DD4B666B5782}.Release|Any CPU.Build.0 = Release|Any CPU
		{30C0B29A-301D-49D6-B985-A89FD4CCBA1F}.Debug|Any CPU.ActiveCfg = Debug|Any CPU
		{30C0B29A-301D-49D6-B985-A89FD4CCBA1F}.Debug|Any CPU.Build.0 = Debug|Any CPU
		{30C0B29A-301D-49D6-B985-A89FD4CCBA1F}.Release|Any CPU.ActiveCfg = Release|Any CPU
		{30C0B29A-301D-49D6-B985-A89FD4CCBA1F}.Release|Any CPU.Build.0 = Release|Any CPU
		{3DA74398-BCD6-4522-A5F6-7053BF7694BE}.Debug|Any CPU.ActiveCfg = Debug|Any CPU
		{3DA74398-BCD6-4522-A5F6-7053BF7694BE}.Debug|Any CPU.Build.0 = Debug|Any CPU
		{3DA74398-BCD6-4522-A5F6-7053BF7694BE}.Release|Any CPU.ActiveCfg = Release|Any CPU
		{3DA74398-BCD6-4522-A5F6-7053BF7694BE}.Release|Any CPU.Build.0 = Release|Any CPU
		{AE682235-5AFA-4BE8-ACC9-88EE4EF53CF8}.Debug|Any CPU.ActiveCfg = Debug|Any CPU
		{AE682235-5AFA-4BE8-ACC9-88EE4EF53CF8}.Debug|Any CPU.Build.0 = Debug|Any CPU
		{AE682235-5AFA-4BE8-ACC9-88EE4EF53CF8}.Release|Any CPU.ActiveCfg = Release|Any CPU
		{AE682235-5AFA-4BE8-ACC9-88EE4EF53CF8}.Release|Any CPU.Build.0 = Release|Any CPU
		{999AEF56-59DD-4DFD-BAEF-23AF8FE28115}.Debug|Any CPU.ActiveCfg = Debug|Any CPU
		{999AEF56-59DD-4DFD-BAEF-23AF8FE28115}.Debug|Any CPU.Build.0 = Debug|Any CPU
		{999AEF56-59DD-4DFD-BAEF-23AF8FE28115}.Release|Any CPU.ActiveCfg = Release|Any CPU
		{999AEF56-59DD-4DFD-BAEF-23AF8FE28115}.Release|Any CPU.Build.0 = Release|Any CPU
		{381D4BC3-4E85-453E-8140-7E3E2A49EEF9}.Debug|Any CPU.ActiveCfg = Debug|Any CPU
		{381D4BC3-4E85-453E-8140-7E3E2A49EEF9}.Debug|Any CPU.Build.0 = Debug|Any CPU
		{381D4BC3-4E85-453E-8140-7E3E2A49EEF9}.Release|Any CPU.ActiveCfg = Release|Any CPU
		{381D4BC3-4E85-453E-8140-7E3E2A49EEF9}.Release|Any CPU.Build.0 = Release|Any CPU
		{C4C706C6-B34F-4CFD-9962-9920E36A30BE}.Debug|Any CPU.ActiveCfg = Debug|Any CPU
		{C4C706C6-B34F-4CFD-9962-9920E36A30BE}.Debug|Any CPU.Build.0 = Debug|Any CPU
		{C4C706C6-B34F-4CFD-9962-9920E36A30BE}.Release|Any CPU.ActiveCfg = Release|Any CPU
		{C4C706C6-B34F-4CFD-9962-9920E36A30BE}.Release|Any CPU.Build.0 = Release|Any CPU
		{45ADE35F-EBC8-4A2D-BAD6-D8A26E2CDC5C}.Debug|Any CPU.ActiveCfg = Debug|Any CPU
		{45ADE35F-EBC8-4A2D-BAD6-D8A26E2CDC5C}.Debug|Any CPU.Build.0 = Debug|Any CPU
		{45ADE35F-EBC8-4A2D-BAD6-D8A26E2CDC5C}.Release|Any CPU.ActiveCfg = Release|Any CPU
		{45ADE35F-EBC8-4A2D-BAD6-D8A26E2CDC5C}.Release|Any CPU.Build.0 = Release|Any CPU
		{CCF4B773-53F0-46DE-9D82-6362ACF73B1D}.Debug|Any CPU.ActiveCfg = Debug|Any CPU
		{CCF4B773-53F0-46DE-9D82-6362ACF73B1D}.Debug|Any CPU.Build.0 = Debug|Any CPU
		{CCF4B773-53F0-46DE-9D82-6362ACF73B1D}.Release|Any CPU.ActiveCfg = Release|Any CPU
		{CCF4B773-53F0-46DE-9D82-6362ACF73B1D}.Release|Any CPU.Build.0 = Release|Any CPU
		{F7E5894F-D9AA-4F23-A7E3-414E4C6738A3}.Debug|Any CPU.ActiveCfg = Debug|Any CPU
		{F7E5894F-D9AA-4F23-A7E3-414E4C6738A3}.Debug|Any CPU.Build.0 = Debug|Any CPU
		{F7E5894F-D9AA-4F23-A7E3-414E4C6738A3}.Release|Any CPU.ActiveCfg = Release|Any CPU
		{F7E5894F-D9AA-4F23-A7E3-414E4C6738A3}.Release|Any CPU.Build.0 = Release|Any CPU
		{B8472813-5C98-45BE-88C7-A317A6E4D038}.Debug|Any CPU.ActiveCfg = Debug|Any CPU
		{B8472813-5C98-45BE-88C7-A317A6E4D038}.Debug|Any CPU.Build.0 = Debug|Any CPU
		{B8472813-5C98-45BE-88C7-A317A6E4D038}.Release|Any CPU.ActiveCfg = Release|Any CPU
		{B8472813-5C98-45BE-88C7-A317A6E4D038}.Release|Any CPU.Build.0 = Release|Any CPU
		{84BE88D3-2A1D-4DFB-9033-44D602C61725}.Debug|Any CPU.ActiveCfg = Debug|Any CPU
		{84BE88D3-2A1D-4DFB-9033-44D602C61725}.Debug|Any CPU.Build.0 = Debug|Any CPU
		{84BE88D3-2A1D-4DFB-9033-44D602C61725}.Release|Any CPU.ActiveCfg = Release|Any CPU
		{84BE88D3-2A1D-4DFB-9033-44D602C61725}.Release|Any CPU.Build.0 = Release|Any CPU
		{F3E55B3F-FB11-4C00-9242-F8B020C91567}.Debug|Any CPU.ActiveCfg = Debug|Any CPU
		{F3E55B3F-FB11-4C00-9242-F8B020C91567}.Debug|Any CPU.Build.0 = Debug|Any CPU
		{F3E55B3F-FB11-4C00-9242-F8B020C91567}.Release|Any CPU.ActiveCfg = Release|Any CPU
		{F3E55B3F-FB11-4C00-9242-F8B020C91567}.Release|Any CPU.Build.0 = Release|Any CPU
		{C04337C0-AC8D-4B15-BA8F-68A90A4612E0}.Debug|Any CPU.ActiveCfg = Debug|Any CPU
		{C04337C0-AC8D-4B15-BA8F-68A90A4612E0}.Debug|Any CPU.Build.0 = Debug|Any CPU
		{C04337C0-AC8D-4B15-BA8F-68A90A4612E0}.Release|Any CPU.ActiveCfg = Release|Any CPU
		{C04337C0-AC8D-4B15-BA8F-68A90A4612E0}.Release|Any CPU.Build.0 = Release|Any CPU
		{9DA56D3C-FA24-418F-ADFC-93FE4F194EDF}.Debug|Any CPU.ActiveCfg = Debug|Any CPU
		{9DA56D3C-FA24-418F-ADFC-93FE4F194EDF}.Debug|Any CPU.Build.0 = Debug|Any CPU
		{9DA56D3C-FA24-418F-ADFC-93FE4F194EDF}.Release|Any CPU.ActiveCfg = Release|Any CPU
		{9DA56D3C-FA24-418F-ADFC-93FE4F194EDF}.Release|Any CPU.Build.0 = Release|Any CPU
		{3DD31FD1-15F1-4432-8884-07E0EEFBF685}.Debug|Any CPU.ActiveCfg = Debug|Any CPU
		{3DD31FD1-15F1-4432-8884-07E0EEFBF685}.Debug|Any CPU.Build.0 = Debug|Any CPU
		{3DD31FD1-15F1-4432-8884-07E0EEFBF685}.Release|Any CPU.ActiveCfg = Release|Any CPU
		{3DD31FD1-15F1-4432-8884-07E0EEFBF685}.Release|Any CPU.Build.0 = Release|Any CPU
		{FF9D3295-07E2-4227-B499-A49E4B466B1C}.Debug|Any CPU.ActiveCfg = Debug|Any CPU
		{FF9D3295-07E2-4227-B499-A49E4B466B1C}.Debug|Any CPU.Build.0 = Debug|Any CPU
		{FF9D3295-07E2-4227-B499-A49E4B466B1C}.Release|Any CPU.ActiveCfg = Release|Any CPU
		{FF9D3295-07E2-4227-B499-A49E4B466B1C}.Release|Any CPU.Build.0 = Release|Any CPU
		{00F01E3A-CEAA-45AD-9FD7-B436346EE0C1}.Debug|Any CPU.ActiveCfg = Debug|Any CPU
		{00F01E3A-CEAA-45AD-9FD7-B436346EE0C1}.Debug|Any CPU.Build.0 = Debug|Any CPU
		{00F01E3A-CEAA-45AD-9FD7-B436346EE0C1}.Release|Any CPU.ActiveCfg = Release|Any CPU
		{00F01E3A-CEAA-45AD-9FD7-B436346EE0C1}.Release|Any CPU.Build.0 = Release|Any CPU
		{0BCE1BED-C809-4723-ACCC-6FF7F05A400F}.Debug|Any CPU.ActiveCfg = Debug|Any CPU
		{0BCE1BED-C809-4723-ACCC-6FF7F05A400F}.Debug|Any CPU.Build.0 = Debug|Any CPU
		{0BCE1BED-C809-4723-ACCC-6FF7F05A400F}.Release|Any CPU.ActiveCfg = Release|Any CPU
		{0BCE1BED-C809-4723-ACCC-6FF7F05A400F}.Release|Any CPU.Build.0 = Release|Any CPU
		{8998574A-E785-415E-AC98-AB9C0D03075A}.Debug|Any CPU.ActiveCfg = Debug|Any CPU
		{8998574A-E785-415E-AC98-AB9C0D03075A}.Debug|Any CPU.Build.0 = Debug|Any CPU
		{8998574A-E785-415E-AC98-AB9C0D03075A}.Release|Any CPU.ActiveCfg = Release|Any CPU
		{8998574A-E785-415E-AC98-AB9C0D03075A}.Release|Any CPU.Build.0 = Release|Any CPU
		{C0AAD35F-4A10-4280-9CC8-D848CCD511AD}.Debug|Any CPU.ActiveCfg = Debug|Any CPU
		{C0AAD35F-4A10-4280-9CC8-D848CCD511AD}.Debug|Any CPU.Build.0 = Debug|Any CPU
		{C0AAD35F-4A10-4280-9CC8-D848CCD511AD}.Release|Any CPU.ActiveCfg = Release|Any CPU
		{C0AAD35F-4A10-4280-9CC8-D848CCD511AD}.Release|Any CPU.Build.0 = Release|Any CPU
		{6C76CADE-96D1-4F24-BB5D-4FE3D806337E}.Debug|Any CPU.ActiveCfg = Debug|Any CPU
		{6C76CADE-96D1-4F24-BB5D-4FE3D806337E}.Debug|Any CPU.Build.0 = Debug|Any CPU
		{6C76CADE-96D1-4F24-BB5D-4FE3D806337E}.Release|Any CPU.ActiveCfg = Release|Any CPU
		{6C76CADE-96D1-4F24-BB5D-4FE3D806337E}.Release|Any CPU.Build.0 = Release|Any CPU
		{AFC063B9-5DBB-4A77-80F3-6C003265E1F0}.Debug|Any CPU.ActiveCfg = Debug|Any CPU
		{AFC063B9-5DBB-4A77-80F3-6C003265E1F0}.Debug|Any CPU.Build.0 = Debug|Any CPU
		{AFC063B9-5DBB-4A77-80F3-6C003265E1F0}.Release|Any CPU.ActiveCfg = Release|Any CPU
		{AFC063B9-5DBB-4A77-80F3-6C003265E1F0}.Release|Any CPU.Build.0 = Release|Any CPU
		{6E1BFEF7-C5AF-462F-A70C-CDE9254724D9}.Debug|Any CPU.ActiveCfg = Debug|Any CPU
		{6E1BFEF7-C5AF-462F-A70C-CDE9254724D9}.Debug|Any CPU.Build.0 = Debug|Any CPU
		{6E1BFEF7-C5AF-462F-A70C-CDE9254724D9}.Release|Any CPU.ActiveCfg = Release|Any CPU
		{6E1BFEF7-C5AF-462F-A70C-CDE9254724D9}.Release|Any CPU.Build.0 = Release|Any CPU
		{AF59476D-F8BB-4133-9C8F-D16E984E01B7}.Debug|Any CPU.ActiveCfg = Debug|Any CPU
		{AF59476D-F8BB-4133-9C8F-D16E984E01B7}.Debug|Any CPU.Build.0 = Debug|Any CPU
		{AF59476D-F8BB-4133-9C8F-D16E984E01B7}.Release|Any CPU.ActiveCfg = Release|Any CPU
		{AF59476D-F8BB-4133-9C8F-D16E984E01B7}.Release|Any CPU.Build.0 = Release|Any CPU
	EndGlobalSection
	GlobalSection(SolutionProperties) = preSolution
		HideSolutionNode = FALSE
	EndGlobalSection
	GlobalSection(NestedProjects) = preSolution
		{5EF59A75-472B-46FC-B65E-F44345906FA0} = {8B593248-5AA4-4D66-9B1D-D81BA3A39AAE}
		{521EBB04-1159-49B4-9F14-8EA3626C2FFF} = {8B593248-5AA4-4D66-9B1D-D81BA3A39AAE}
		{265A2174-65BF-4767-A76D-8E79F8502333} = {8B593248-5AA4-4D66-9B1D-D81BA3A39AAE}
		{AA36247A-683A-47C0-ADA6-6EC704C641C5} = {265A2174-65BF-4767-A76D-8E79F8502333}
		{43876BD9-01AB-41D6-AA8D-CCBFBD4959CC} = {8B593248-5AA4-4D66-9B1D-D81BA3A39AAE}
		{27849185-974C-4C16-AE32-543016D20F6D} = {43876BD9-01AB-41D6-AA8D-CCBFBD4959CC}
		{C548BB0F-0362-4CE3-9FE8-CBCF1473F21A} = {43876BD9-01AB-41D6-AA8D-CCBFBD4959CC}
		{AC8AD81B-BC0A-4BBC-BF94-BA38BF4BC2A4} = {43876BD9-01AB-41D6-AA8D-CCBFBD4959CC}
		{650EE923-159F-492F-8E77-9D5C179E2F42} = {43876BD9-01AB-41D6-AA8D-CCBFBD4959CC}
		{B317D473-AA9E-4EA2-AA1C-649BC6FC9A32} = {43876BD9-01AB-41D6-AA8D-CCBFBD4959CC}
		{2820D1FE-1293-413D-A7C9-914949682E52} = {43876BD9-01AB-41D6-AA8D-CCBFBD4959CC}
		{5F9A184B-0D19-4023-B8B2-EC5283235C81} = {43876BD9-01AB-41D6-AA8D-CCBFBD4959CC}
		{6043A7A2-AC61-4892-967C-05A35838D526} = {43876BD9-01AB-41D6-AA8D-CCBFBD4959CC}
		{DDBD73F5-01AF-4BED-B248-A7A558457777} = {43876BD9-01AB-41D6-AA8D-CCBFBD4959CC}
		{A9C01219-F928-4A1A-A883-5209286FFAE0} = {43876BD9-01AB-41D6-AA8D-CCBFBD4959CC}
		{6273FFF0-D133-4FAC-9073-36F39C91D42C} = {43876BD9-01AB-41D6-AA8D-CCBFBD4959CC}
		{9694007F-70DF-45CE-A1A8-625BC233083D} = {43876BD9-01AB-41D6-AA8D-CCBFBD4959CC}
		{55053989-D0D2-468E-A6EB-664A7B4AA8AD} = {43876BD9-01AB-41D6-AA8D-CCBFBD4959CC}
		{D3F58378-31D6-433F-B762-6E13E23C5A85} = {43876BD9-01AB-41D6-AA8D-CCBFBD4959CC}
		{0284C30D-7F05-4166-80C4-F8538665D424} = {43876BD9-01AB-41D6-AA8D-CCBFBD4959CC}
		{C399F668-0653-46B6-86B0-596230AA899F} = {43876BD9-01AB-41D6-AA8D-CCBFBD4959CC}
		{EABBE2FC-A310-4F43-B1D8-C26101434BC1} = {43876BD9-01AB-41D6-AA8D-CCBFBD4959CC}
		{D4933027-87A4-437C-B893-7823A7CE07DD} = {43876BD9-01AB-41D6-AA8D-CCBFBD4959CC}
		{6BA47FAE-0C14-4586-8BE9-9756C1782E8E} = {8B593248-5AA4-4D66-9B1D-D81BA3A39AAE}
		{21DC7481-A392-4FEC-B7F2-9A2B44D3471A} = {6BA47FAE-0C14-4586-8BE9-9756C1782E8E}
		{6ADFBCAD-6FB0-409D-AB4B-E6012591B994} = {6BA47FAE-0C14-4586-8BE9-9756C1782E8E}
		{984BB675-9A76-4594-B3DB-5EE1F9D577CE} = {8B593248-5AA4-4D66-9B1D-D81BA3A39AAE}
		{3CAFC08B-7CFF-4436-925C-DD4B666B5782} = {984BB675-9A76-4594-B3DB-5EE1F9D577CE}
		{30C0B29A-301D-49D6-B985-A89FD4CCBA1F} = {984BB675-9A76-4594-B3DB-5EE1F9D577CE}
		{3DA74398-BCD6-4522-A5F6-7053BF7694BE} = {984BB675-9A76-4594-B3DB-5EE1F9D577CE}
		{AE682235-5AFA-4BE8-ACC9-88EE4EF53CF8} = {984BB675-9A76-4594-B3DB-5EE1F9D577CE}
		{D0D62028-228C-4C5D-BB65-00B675AD3D06} = {8B593248-5AA4-4D66-9B1D-D81BA3A39AAE}
		{999AEF56-59DD-4DFD-BAEF-23AF8FE28115} = {D0D62028-228C-4C5D-BB65-00B675AD3D06}
		{381D4BC3-4E85-453E-8140-7E3E2A49EEF9} = {D0D62028-228C-4C5D-BB65-00B675AD3D06}
		{C4C706C6-B34F-4CFD-9962-9920E36A30BE} = {D0D62028-228C-4C5D-BB65-00B675AD3D06}
		{45ADE35F-EBC8-4A2D-BAD6-D8A26E2CDC5C} = {D0D62028-228C-4C5D-BB65-00B675AD3D06}
		{C4EBD6A3-8C4B-467C-ADB1-47B482D501BF} = {43876BD9-01AB-41D6-AA8D-CCBFBD4959CC}
		{CCF4B773-53F0-46DE-9D82-6362ACF73B1D} = {C4EBD6A3-8C4B-467C-ADB1-47B482D501BF}
		{F7E5894F-D9AA-4F23-A7E3-414E4C6738A3} = {C4EBD6A3-8C4B-467C-ADB1-47B482D501BF}
		{31F75187-7837-42CC-8DCD-8E4CB37DA7F0} = {43876BD9-01AB-41D6-AA8D-CCBFBD4959CC}
		{B8472813-5C98-45BE-88C7-A317A6E4D038} = {31F75187-7837-42CC-8DCD-8E4CB37DA7F0}
		{84BE88D3-2A1D-4DFB-9033-44D602C61725} = {31F75187-7837-42CC-8DCD-8E4CB37DA7F0}
		{F3E55B3F-FB11-4C00-9242-F8B020C91567} = {31F75187-7837-42CC-8DCD-8E4CB37DA7F0}
		{C04337C0-AC8D-4B15-BA8F-68A90A4612E0} = {31F75187-7837-42CC-8DCD-8E4CB37DA7F0}
		{9DA56D3C-FA24-418F-ADFC-93FE4F194EDF} = {31F75187-7837-42CC-8DCD-8E4CB37DA7F0}
		{21B6912F-3CCB-4C2C-899F-2EFA24DEBB74} = {984BB675-9A76-4594-B3DB-5EE1F9D577CE}
		{3DD31FD1-15F1-4432-8884-07E0EEFBF685} = {21B6912F-3CCB-4C2C-899F-2EFA24DEBB74}
		{FF9D3295-07E2-4227-B499-A49E4B466B1C} = {21B6912F-3CCB-4C2C-899F-2EFA24DEBB74}
		{00F01E3A-CEAA-45AD-9FD7-B436346EE0C1} = {21B6912F-3CCB-4C2C-899F-2EFA24DEBB74}
		{CBBE9620-E473-482C-89AC-63365F824259} = {984BB675-9A76-4594-B3DB-5EE1F9D577CE}
		{0BCE1BED-C809-4723-ACCC-6FF7F05A400F} = {CBBE9620-E473-482C-89AC-63365F824259}
		{8998574A-E785-415E-AC98-AB9C0D03075A} = {CBBE9620-E473-482C-89AC-63365F824259}
		{C0AAD35F-4A10-4280-9CC8-D848CCD511AD} = {CBBE9620-E473-482C-89AC-63365F824259}
		{6C76CADE-96D1-4F24-BB5D-4FE3D806337E} = {CBBE9620-E473-482C-89AC-63365F824259}
		{0A3F4A22-16EC-4FE6-9B39-870324D2D38C} = {984BB675-9A76-4594-B3DB-5EE1F9D577CE}
		{AFC063B9-5DBB-4A77-80F3-6C003265E1F0} = {0A3F4A22-16EC-4FE6-9B39-870324D2D38C}
		{6E1BFEF7-C5AF-462F-A70C-CDE9254724D9} = {0A3F4A22-16EC-4FE6-9B39-870324D2D38C}
		{AF59476D-F8BB-4133-9C8F-D16E984E01B7} = {0A3F4A22-16EC-4FE6-9B39-870324D2D38C}
	EndGlobalSection
	GlobalSection(ExtensibilityGlobals) = postSolution
		SolutionGuid = {67AE30E7-3F25-4A62-A00B-CF461D7C4663}
	EndGlobalSection
EndGlobal
